// !$*UTF8*$!
{
	archiveVersion = 1;
	classes = {
	};
	objectVersion = 46;
	objects = {

/* Begin PBXBuildFile section */
		C645EE3D1E5E9A330020925B /* main.m in Sources */ = {isa = PBXBuildFile; fileRef = C645EE3C1E5E9A330020925B /* main.m */; };
		C645EE401E5E9A330020925B /* AppDelegate.m in Sources */ = {isa = PBXBuildFile; fileRef = C645EE3F1E5E9A330020925B /* AppDelegate.m */; };
		C645EE431E5E9A330020925B /* ViewController.m in Sources */ = {isa = PBXBuildFile; fileRef = C645EE421E5E9A330020925B /* ViewController.m */; };
		C645EE461E5E9A330020925B /* Main.storyboard in Resources */ = {isa = PBXBuildFile; fileRef = C645EE441E5E9A330020925B /* Main.storyboard */; };
		C645EE481E5E9A330020925B /* Assets.xcassets in Resources */ = {isa = PBXBuildFile; fileRef = C645EE471E5E9A330020925B /* Assets.xcassets */; };
		C645EE4B1E5E9A330020925B /* LaunchScreen.storyboard in Resources */ = {isa = PBXBuildFile; fileRef = C645EE491E5E9A330020925B /* LaunchScreen.storyboard */; };
		C645EE561E5E9A330020925B /* CoreDataTestTests.m in Sources */ = {isa = PBXBuildFile; fileRef = C645EE551E5E9A330020925B /* CoreDataTestTests.m */; };
		C645EE611E5E9A330020925B /* CoreDataTestUITests.m in Sources */ = {isa = PBXBuildFile; fileRef = C645EE601E5E9A330020925B /* CoreDataTestUITests.m */; };
		C645EE701E5EAC240020925B /* CoreDataManager.m in Sources */ = {isa = PBXBuildFile; fileRef = C645EE6F1E5EAC240020925B /* CoreDataManager.m */; };
/* End PBXBuildFile section */

/* Begin PBXContainerItemProxy section */
		C645EE521E5E9A330020925B /* PBXContainerItemProxy */ = {
			isa = PBXContainerItemProxy;
			containerPortal = C645EE301E5E9A330020925B /* Project object */;
			proxyType = 1;
			remoteGlobalIDString = C645EE371E5E9A330020925B;
			remoteInfo = CoreDataTest;
		};
		C645EE5D1E5E9A330020925B /* PBXContainerItemProxy */ = {
			isa = PBXContainerItemProxy;
			containerPortal = C645EE301E5E9A330020925B /* Project object */;
			proxyType = 1;
			remoteGlobalIDString = C645EE371E5E9A330020925B;
			remoteInfo = CoreDataTest;
		};
/* End PBXContainerItemProxy section */

/* Begin PBXFileReference section */
		C645EE381E5E9A330020925B /* CoreDataTest.app */ = {isa = PBXFileReference; explicitFileType = wrapper.application; includeInIndex = 0; path = CoreDataTest.app; sourceTree = BUILT_PRODUCTS_DIR; };
		C645EE3C1E5E9A330020925B /* main.m */ = {isa = PBXFileReference; lastKnownFileType = sourcecode.c.objc; path = main.m; sourceTree = "<group>"; };
		C645EE3E1E5E9A330020925B /* AppDelegate.h */ = {isa = PBXFileReference; lastKnownFileType = sourcecode.c.h; path = AppDelegate.h; sourceTree = "<group>"; };
		C645EE3F1E5E9A330020925B /* AppDelegate.m */ = {isa = PBXFileReference; lastKnownFileType = sourcecode.c.objc; path = AppDelegate.m; sourceTree = "<group>"; };
		C645EE411E5E9A330020925B /* ViewController.h */ = {isa = PBXFileReference; lastKnownFileType = sourcecode.c.h; path = ViewController.h; sourceTree = "<group>"; };
		C645EE421E5E9A330020925B /* ViewController.m */ = {isa = PBXFileReference; lastKnownFileType = sourcecode.c.objc; path = ViewController.m; sourceTree = "<group>"; };
		C645EE451E5E9A330020925B /* Base */ = {isa = PBXFileReference; lastKnownFileType = file.storyboard; name = Base; path = Base.lproj/Main.storyboard; sourceTree = "<group>"; };
		C645EE471E5E9A330020925B /* Assets.xcassets */ = {isa = PBXFileReference; lastKnownFileType = folder.assetcatalog; path = Assets.xcassets; sourceTree = "<group>"; };
		C645EE4A1E5E9A330020925B /* Base */ = {isa = PBXFileReference; lastKnownFileType = file.storyboard; name = Base; path = Base.lproj/LaunchScreen.storyboard; sourceTree = "<group>"; };
		C645EE4C1E5E9A330020925B /* Info.plist */ = {isa = PBXFileReference; lastKnownFileType = text.plist.xml; path = Info.plist; sourceTree = "<group>"; };
		C645EE511E5E9A330020925B /* CoreDataTestTests.xctest */ = {isa = PBXFileReference; explicitFileType = wrapper.cfbundle; includeInIndex = 0; path = CoreDataTestTests.xctest; sourceTree = BUILT_PRODUCTS_DIR; };
		C645EE551E5E9A330020925B /* CoreDataTestTests.m */ = {isa = PBXFileReference; lastKnownFileType = sourcecode.c.objc; path = CoreDataTestTests.m; sourceTree = "<group>"; };
		C645EE571E5E9A330020925B /* Info.plist */ = {isa = PBXFileReference; lastKnownFileType = text.plist.xml; path = Info.plist; sourceTree = "<group>"; };
		C645EE5C1E5E9A330020925B /* CoreDataTestUITests.xctest */ = {isa = PBXFileReference; explicitFileType = wrapper.cfbundle; includeInIndex = 0; path = CoreDataTestUITests.xctest; sourceTree = BUILT_PRODUCTS_DIR; };
		C645EE601E5E9A330020925B /* CoreDataTestUITests.m */ = {isa = PBXFileReference; lastKnownFileType = sourcecode.c.objc; path = CoreDataTestUITests.m; sourceTree = "<group>"; };
		C645EE621E5E9A330020925B /* Info.plist */ = {isa = PBXFileReference; lastKnownFileType = text.plist.xml; path = Info.plist; sourceTree = "<group>"; };
		C645EE6E1E5EAC240020925B /* CoreDataManager.h */ = {isa = PBXFileReference; fileEncoding = 4; lastKnownFileType = sourcecode.c.h; path = CoreDataManager.h; sourceTree = "<group>"; };
		C645EE6F1E5EAC240020925B /* CoreDataManager.m */ = {isa = PBXFileReference; fileEncoding = 4; lastKnownFileType = sourcecode.c.objc; path = CoreDataManager.m; sourceTree = "<group>"; };
/* End PBXFileReference section */

/* Begin PBXFrameworksBuildPhase section */
		C645EE351E5E9A330020925B /* Frameworks */ = {
			isa = PBXFrameworksBuildPhase;
			buildActionMask = 2147483647;
			files = (
			);
			runOnlyForDeploymentPostprocessing = 0;
		};
		C645EE4E1E5E9A330020925B /* Frameworks */ = {
			isa = PBXFrameworksBuildPhase;
			buildActionMask = 2147483647;
			files = (
			);
			runOnlyForDeploymentPostprocessing = 0;
		};
		C645EE591E5E9A330020925B /* Frameworks */ = {
			isa = PBXFrameworksBuildPhase;
			buildActionMask = 2147483647;
			files = (
			);
			runOnlyForDeploymentPostprocessing = 0;
		};
/* End PBXFrameworksBuildPhase section */

/* Begin PBXGroup section */
		C645EE2F1E5E9A330020925B = {
			isa = PBXGroup;
			children = (
				C645EE3A1E5E9A330020925B /* CoreDataTest */,
				C645EE541E5E9A330020925B /* CoreDataTestTests */,
				C645EE5F1E5E9A330020925B /* CoreDataTestUITests */,
				C645EE391E5E9A330020925B /* Products */,
			);
			sourceTree = "<group>";
		};
		C645EE391E5E9A330020925B /* Products */ = {
			isa = PBXGroup;
			children = (
				C645EE381E5E9A330020925B /* CoreDataTest.app */,
				C645EE511E5E9A330020925B /* CoreDataTestTests.xctest */,
				C645EE5C1E5E9A330020925B /* CoreDataTestUITests.xctest */,
			);
			name = Products;
			sourceTree = "<group>";
		};
		C645EE3A1E5E9A330020925B /* CoreDataTest */ = {
			isa = PBXGroup;
			children = (
				C645EE3E1E5E9A330020925B /* AppDelegate.h */,
				C645EE3F1E5E9A330020925B /* AppDelegate.m */,
				C645EE411E5E9A330020925B /* ViewController.h */,
				C645EE421E5E9A330020925B /* ViewController.m */,
				C645EE6E1E5EAC240020925B /* CoreDataManager.h */,
				C645EE6F1E5EAC240020925B /* CoreDataManager.m */,
				C645EE441E5E9A330020925B /* Main.storyboard */,
				C645EE471E5E9A330020925B /* Assets.xcassets */,
				C645EE491E5E9A330020925B /* LaunchScreen.storyboard */,
				C645EE4C1E5E9A330020925B /* Info.plist */,
				C645EE3B1E5E9A330020925B /* Supporting Files */,
			);
			path = CoreDataTest;
			sourceTree = "<group>";
		};
		C645EE3B1E5E9A330020925B /* Supporting Files */ = {
			isa = PBXGroup;
			children = (
				C645EE3C1E5E9A330020925B /* main.m */,
			);
			name = "Supporting Files";
			sourceTree = "<group>";
		};
		C645EE541E5E9A330020925B /* CoreDataTestTests */ = {
			isa = PBXGroup;
			children = (
				C645EE551E5E9A330020925B /* CoreDataTestTests.m */,
				C645EE571E5E9A330020925B /* Info.plist */,
			);
			path = CoreDataTestTests;
			sourceTree = "<group>";
		};
		C645EE5F1E5E9A330020925B /* CoreDataTestUITests */ = {
			isa = PBXGroup;
			children = (
				C645EE601E5E9A330020925B /* CoreDataTestUITests.m */,
				C645EE621E5E9A330020925B /* Info.plist */,
			);
			path = CoreDataTestUITests;
			sourceTree = "<group>";
		};
/* End PBXGroup section */

/* Begin PBXNativeTarget section */
		C645EE371E5E9A330020925B /* CoreDataTest */ = {
			isa = PBXNativeTarget;
			buildConfigurationList = C645EE651E5E9A330020925B /* Build configuration list for PBXNativeTarget "CoreDataTest" */;
			buildPhases = (
				C645EE341E5E9A330020925B /* Sources */,
				C645EE351E5E9A330020925B /* Frameworks */,
				C645EE361E5E9A330020925B /* Resources */,
			);
			buildRules = (
			);
			dependencies = (
			);
			name = CoreDataTest;
			productName = CoreDataTest;
			productReference = C645EE381E5E9A330020925B /* CoreDataTest.app */;
			productType = "com.apple.product-type.application";
		};
		C645EE501E5E9A330020925B /* CoreDataTestTests */ = {
			isa = PBXNativeTarget;
			buildConfigurationList = C645EE681E5E9A330020925B /* Build configuration list for PBXNativeTarget "CoreDataTestTests" */;
			buildPhases = (
				C645EE4D1E5E9A330020925B /* Sources */,
				C645EE4E1E5E9A330020925B /* Frameworks */,
				C645EE4F1E5E9A330020925B /* Resources */,
			);
			buildRules = (
			);
			dependencies = (
				C645EE531E5E9A330020925B /* PBXTargetDependency */,
			);
			name = CoreDataTestTests;
			productName = CoreDataTestTests;
			productReference = C645EE511E5E9A330020925B /* CoreDataTestTests.xctest */;
			productType = "com.apple.product-type.bundle.unit-test";
		};
		C645EE5B1E5E9A330020925B /* CoreDataTestUITests */ = {
			isa = PBXNativeTarget;
			buildConfigurationList = C645EE6B1E5E9A330020925B /* Build configuration list for PBXNativeTarget "CoreDataTestUITests" */;
			buildPhases = (
				C645EE581E5E9A330020925B /* Sources */,
				C645EE591E5E9A330020925B /* Frameworks */,
				C645EE5A1E5E9A330020925B /* Resources */,
			);
			buildRules = (
			);
			dependencies = (
				C645EE5E1E5E9A330020925B /* PBXTargetDependency */,
			);
			name = CoreDataTestUITests;
			productName = CoreDataTestUITests;
			productReference = C645EE5C1E5E9A330020925B /* CoreDataTestUITests.xctest */;
			productType = "com.apple.product-type.bundle.ui-testing";
		};
/* End PBXNativeTarget section */

/* Begin PBXProject section */
		C645EE301E5E9A330020925B /* Project object */ = {
			isa = PBXProject;
			attributes = {
				LastUpgradeCheck = 0820;
				ORGANIZATIONNAME = khl;
				TargetAttributes = {
					C645EE371E5E9A330020925B = {
						CreatedOnToolsVersion = 8.2.1;
						ProvisioningStyle = Automatic;
					};
					C645EE501E5E9A330020925B = {
						CreatedOnToolsVersion = 8.2.1;
						ProvisioningStyle = Automatic;
						TestTargetID = C645EE371E5E9A330020925B;
					};
					C645EE5B1E5E9A330020925B = {
						CreatedOnToolsVersion = 8.2.1;
						ProvisioningStyle = Automatic;
						TestTargetID = C645EE371E5E9A330020925B;
					};
				};
			};
			buildConfigurationList = C645EE331E5E9A330020925B /* Build configuration list for PBXProject "CoreDataTest" */;
			compatibilityVersion = "Xcode 3.2";
			developmentRegion = English;
			hasScannedForEncodings = 0;
			knownRegions = (
				en,
				Base,
			);
			mainGroup = C645EE2F1E5E9A330020925B;
			productRefGroup = C645EE391E5E9A330020925B /* Products */;
			projectDirPath = "";
			projectRoot = "";
			targets = (
				C645EE371E5E9A330020925B /* CoreDataTest */,
				C645EE501E5E9A330020925B /* CoreDataTestTests */,
				C645EE5B1E5E9A330020925B /* CoreDataTestUITests */,
			);
		};
/* End PBXProject section */

/* Begin PBXResourcesBuildPhase section */
		C645EE361E5E9A330020925B /* Resources */ = {
			isa = PBXResourcesBuildPhase;
			buildActionMask = 2147483647;
			files = (
				C645EE4B1E5E9A330020925B /* LaunchScreen.storyboard in Resources */,
				C645EE481E5E9A330020925B /* Assets.xcassets in Resources */,
				C645EE461E5E9A330020925B /* Main.storyboard in Resources */,
			);
			runOnlyForDeploymentPostprocessing = 0;
		};
		C645EE4F1E5E9A330020925B /* Resources */ = {
			isa = PBXResourcesBuildPhase;
			buildActionMask = 2147483647;
			files = (
			);
			runOnlyForDeploymentPostprocessing = 0;
		};
		C645EE5A1E5E9A330020925B /* Resources */ = {
			isa = PBXResourcesBuildPhase;
			buildActionMask = 2147483647;
			files = (
			);
			runOnlyForDeploymentPostprocessing = 0;
		};
/* End PBXResourcesBuildPhase section */

/* Begin PBXSourcesBuildPhase section */
		C645EE341E5E9A330020925B /* Sources */ = {
			isa = PBXSourcesBuildPhase;
			buildActionMask = 2147483647;
			files = (
				C645EE431E5E9A330020925B /* ViewController.m in Sources */,
				C645EE401E5E9A330020925B /* AppDelegate.m in Sources */,
				C645EE701E5EAC240020925B /* CoreDataManager.m in Sources */,
				C645EE3D1E5E9A330020925B /* main.m in Sources */,
			);
			runOnlyForDeploymentPostprocessing = 0;
		};
		C645EE4D1E5E9A330020925B /* Sources */ = {
			isa = PBXSourcesBuildPhase;
			buildActionMask = 2147483647;
			files = (
				C645EE561E5E9A330020925B /* CoreDataTestTests.m in Sources */,
			);
			runOnlyForDeploymentPostprocessing = 0;
		};
		C645EE581E5E9A330020925B /* Sources */ = {
			isa = PBXSourcesBuildPhase;
			buildActionMask = 2147483647;
			files = (
				C645EE611E5E9A330020925B /* CoreDataTestUITests.m in Sources */,
			);
			runOnlyForDeploymentPostprocessing = 0;
		};
/* End PBXSourcesBuildPhase section */

/* Begin PBXTargetDependency section */
		C645EE531E5E9A330020925B /* PBXTargetDependency */ = {
			isa = PBXTargetDependency;
			target = C645EE371E5E9A330020925B /* CoreDataTest */;
			targetProxy = C645EE521E5E9A330020925B /* PBXContainerItemProxy */;
		};
		C645EE5E1E5E9A330020925B /* PBXTargetDependency */ = {
			isa = PBXTargetDependency;
			target = C645EE371E5E9A330020925B /* CoreDataTest */;
			targetProxy = C645EE5D1E5E9A330020925B /* PBXContainerItemProxy */;
		};
/* End PBXTargetDependency section */

/* Begin PBXVariantGroup section */
		C645EE441E5E9A330020925B /* Main.storyboard */ = {
			isa = PBXVariantGroup;
			children = (
				C645EE451E5E9A330020925B /* Base */,
			);
			name = Main.storyboard;
			sourceTree = "<group>";
		};
		C645EE491E5E9A330020925B /* LaunchScreen.storyboard */ = {
			isa = PBXVariantGroup;
			children = (
				C645EE4A1E5E9A330020925B /* Base */,
			);
			name = LaunchScreen.storyboard;
			sourceTree = "<group>";
		};
/* End PBXVariantGroup section */

/* Begin XCBuildConfiguration section */
		C645EE631E5E9A330020925B /* Debug */ = {
			isa = XCBuildConfiguration;
			buildSettings = {
				ALWAYS_SEARCH_USER_PATHS = NO;
				CLANG_ANALYZER_NONNULL = YES;
				CLANG_CXX_LANGUAGE_STANDARD = "gnu++0x";
				CLANG_CXX_LIBRARY = "libc++";
				CLANG_ENABLE_MODULES = YES;
				CLANG_ENABLE_OBJC_ARC = YES;
				CLANG_WARN_BOOL_CONVERSION = YES;
				CLANG_WARN_CONSTANT_CONVERSION = YES;
				CLANG_WARN_DIRECT_OBJC_ISA_USAGE = YES_ERROR;
				CLANG_WARN_DOCUMENTATION_COMMENTS = YES;
				CLANG_WARN_EMPTY_BODY = YES;
				CLANG_WARN_ENUM_CONVERSION = YES;
				CLANG_WARN_INFINITE_RECURSION = YES;
				CLANG_WARN_INT_CONVERSION = YES;
				CLANG_WARN_OBJC_ROOT_CLASS = YES_ERROR;
				CLANG_WARN_SUSPICIOUS_MOVE = YES;
				CLANG_WARN_UNREACHABLE_CODE = YES;
				CLANG_WARN__DUPLICATE_METHOD_MATCH = YES;
				"CODE_SIGN_IDENTITY[sdk=iphoneos*]" = "iPhone Developer";
				COPY_PHASE_STRIP = NO;
				DEBUG_INFORMATION_FORMAT = dwarf;
				ENABLE_STRICT_OBJC_MSGSEND = YES;
				ENABLE_TESTABILITY = YES;
				GCC_C_LANGUAGE_STANDARD = gnu99;
				GCC_DYNAMIC_NO_PIC = NO;
				GCC_NO_COMMON_BLOCKS = YES;
				GCC_OPTIMIZATION_LEVEL = 0;
				GCC_PREPROCESSOR_DEFINITIONS = (
					"DEBUG=1",
					"$(inherited)",
				);
				GCC_WARN_64_TO_32_BIT_CONVERSION = YES;
				GCC_WARN_ABOUT_RETURN_TYPE = YES_ERROR;
				GCC_WARN_UNDECLARED_SELECTOR = YES;
				GCC_WARN_UNINITIALIZED_AUTOS = YES_AGGRESSIVE;
				GCC_WARN_UNUSED_FUNCTION = YES;
				GCC_WARN_UNUSED_VARIABLE = YES;
				IPHONEOS_DEPLOYMENT_TARGET = 10.2;
				MTL_ENABLE_DEBUG_INFO = YES;
				ONLY_ACTIVE_ARCH = YES;
				SDKROOT = iphoneos;
				TARGETED_DEVICE_FAMILY = "1,2";
			};
			name = Debug;
		};
		C645EE641E5E9A330020925B /* Release */ = {
			isa = XCBuildConfiguration;
			buildSettings = {
				ALWAYS_SEARCH_USER_PATHS = NO;
				CLANG_ANALYZER_NONNULL = YES;
				CLANG_CXX_LANGUAGE_STANDARD = "gnu++0x";
				CLANG_CXX_LIBRARY = "libc++";
				CLANG_ENABLE_MODULES = YES;
				CLANG_ENABLE_OBJC_ARC = YES;
				CLANG_WARN_BOOL_CONVERSION = YES;
				CLANG_WARN_CONSTANT_CONVERSION = YES;
				CLANG_WARN_DIRECT_OBJC_ISA_USAGE = YES_ERROR;
				CLANG_WARN_DOCUMENTATION_COMMENTS = YES;
				CLANG_WARN_EMPTY_BODY = YES;
				CLANG_WARN_ENUM_CONVERSION = YES;
				CLANG_WARN_INFINITE_RECURSION = YES;
				CLANG_WARN_INT_CONVERSION = YES;
				CLANG_WARN_OBJC_ROOT_CLASS = YES_ERROR;
				CLANG_WARN_SUSPICIOUS_MOVE = YES;
				CLANG_WARN_UNREACHABLE_CODE = YES;
				CLANG_WARN__DUPLICATE_METHOD_MATCH = YES;
				"CODE_SIGN_IDENTITY[sdk=iphoneos*]" = "iPhone Developer";
				COPY_PHASE_STRIP = NO;
				DEBUG_INFORMATION_FORMAT = "dwarf-with-dsym";
				ENABLE_NS_ASSERTIONS = NO;
				ENABLE_STRICT_OBJC_MSGSEND = YES;
				GCC_C_LANGUAGE_STANDARD = gnu99;
				GCC_NO_COMMON_BLOCKS = YES;
				GCC_WARN_64_TO_32_BIT_CONVERSION = YES;
				GCC_WARN_ABOUT_RETURN_TYPE = YES_ERROR;
				GCC_WARN_UNDECLARED_SELECTOR = YES;
				GCC_WARN_UNINITIALIZED_AUTOS = YES_AGGRESSIVE;
				GCC_WARN_UNUSED_FUNCTION = YES;
				GCC_WARN_UNUSED_VARIABLE = YES;
				IPHONEOS_DEPLOYMENT_TARGET = 10.2;
				MTL_ENABLE_DEBUG_INFO = NO;
				SDKROOT = iphoneos;
				TARGETED_DEVICE_FAMILY = "1,2";
				VALIDATE_PRODUCT = YES;
			};
			name = Release;
		};
		C645EE661E5E9A330020925B /* Debug */ = {
			isa = XCBuildConfiguration;
			buildSettings = {
				ASSETCATALOG_COMPILER_APPICON_NAME = AppIcon;
				INFOPLIST_FILE = CoreDataTest/Info.plist;
				LD_RUNPATH_SEARCH_PATHS = "$(inherited) @executable_path/Frameworks";
				PRODUCT_BUNDLE_IDENTIFIER = com.khl.CoreDataTest;
				PRODUCT_NAME = "$(TARGET_NAME)";
			};
			name = Debug;
		};
		C645EE671E5E9A330020925B /* Release */ = {
			isa = XCBuildConfiguration;
			buildSettings = {
				ASSETCATALOG_COMPILER_APPICON_NAME = AppIcon;
				INFOPLIST_FILE = CoreDataTest/Info.plist;
				LD_RUNPATH_SEARCH_PATHS = "$(inherited) @executable_path/Frameworks";
				PRODUCT_BUNDLE_IDENTIFIER = com.khl.CoreDataTest;
				PRODUCT_NAME = "$(TARGET_NAME)";
			};
			name = Release;
		};
		C645EE691E5E9A330020925B /* Debug */ = {
			isa = XCBuildConfiguration;
			buildSettings = {
				BUNDLE_LOADER = "$(TEST_HOST)";
				INFOPLIST_FILE = CoreDataTestTests/Info.plist;
				LD_RUNPATH_SEARCH_PATHS = "$(inherited) @executable_path/Frameworks @loader_path/Frameworks";
				PRODUCT_BUNDLE_IDENTIFIER = com.khl.CoreDataTestTests;
				PRODUCT_NAME = "$(TARGET_NAME)";
				TEST_HOST = "$(BUILT_PRODUCTS_DIR)/CoreDataTest.app/CoreDataTest";
			};
			name = Debug;
		};
		C645EE6A1E5E9A330020925B /* Release */ = {
			isa = XCBuildConfiguration;
			buildSettings = {
				BUNDLE_LOADER = "$(TEST_HOST)";
				INFOPLIST_FILE = CoreDataTestTests/Info.plist;
				LD_RUNPATH_SEARCH_PATHS = "$(inherited) @executable_path/Frameworks @loader_path/Frameworks";
				PRODUCT_BUNDLE_IDENTIFIER = com.khl.CoreDataTestTests;
				PRODUCT_NAME = "$(TARGET_NAME)";
				TEST_HOST = "$(BUILT_PRODUCTS_DIR)/CoreDataTest.app/CoreDataTest";
			};
			name = Release;
		};
		C645EE6C1E5E9A330020925B /* Debug */ = {
			isa = XCBuildConfiguration;
			buildSettings = {
				INFOPLIST_FILE = CoreDataTestUITests/Info.plist;
				LD_RUNPATH_SEARCH_PATHS = "$(inherited) @executable_path/Frameworks @loader_path/Frameworks";
				PRODUCT_BUNDLE_IDENTIFIER = com.khl.CoreDataTestUITests;
				PRODUCT_NAME = "$(TARGET_NAME)";
				TEST_TARGET_NAME = CoreDataTest;
			};
			name = Debug;
		};
		C645EE6D1E5E9A330020925B /* Release */ = {
			isa = XCBuildConfiguration;
			buildSettings = {
				INFOPLIST_FILE = CoreDataTestUITests/Info.plist;
				LD_RUNPATH_SEARCH_PATHS = "$(inherited) @executable_path/Frameworks @loader_path/Frameworks";
				PRODUCT_BUNDLE_IDENTIFIER = com.khl.CoreDataTestUITests;
				PRODUCT_NAME = "$(TARGET_NAME)";
				TEST_TARGET_NAME = CoreDataTest;
			};
			name = Release;
		};
/* End XCBuildConfiguration section */

/* Begin XCConfigurationList section */
		C645EE331E5E9A330020925B /* Build configuration list for PBXProject "CoreDataTest" */ = {
			isa = XCConfigurationList;
			buildConfigurations = (
				C645EE631E5E9A330020925B /* Debug */,
				C645EE641E5E9A330020925B /* Release */,
			);
			defaultConfigurationIsVisible = 0;
			defaultConfigurationName = Release;
		};
		C645EE651E5E9A330020925B /* Build configuration list for PBXNativeTarget "CoreDataTest" */ = {
			isa = XCConfigurationList;
			buildConfigurations = (
				C645EE661E5E9A330020925B /* Debug */,
				C645EE671E5E9A330020925B /* Release */,
			);
			defaultConfigurationIsVisible = 0;
			defaultConfigurationName = Release;
		};
		C645EE681E5E9A330020925B /* Build configuration list for PBXNativeTarget "CoreDataTestTests" */ = {
			isa = XCConfigurationList;
			buildConfigurations = (
				C645EE691E5E9A330020925B /* Debug */,
				C645EE6A1E5E9A330020925B /* Release */,
			);
			defaultConfigurationIsVisible = 0;
			defaultConfigurationName = Release;
		};
		C645EE6B1E5E9A330020925B /* Build configuration list for PBXNativeTarget "CoreDataTestUITests" */ = {
			isa = XCConfigurationList;
			buildConfigurations = (
				C645EE6C1E5E9A330020925B /* Debug */,
				C645EE6D1E5E9A330020925B /* Release */,
			);
			defaultConfigurationIsVisible = 0;
			defaultConfigurationName = Release;
		};
/* End XCConfigurationList section */
	};
	rootObject = C645EE301E5E9A330020925B /* Project object */;
}
